{
  "originHash" : "9f9ad8dc18a811aa4f848117b5872e37e88504a32cb632265407e6f328625585",
  "pins" : [
    {
      "identity" : "ogplayer-swift",
      "kind" : "remoteSourceControl",
      "location" : "https://github.com/ogplayer-sdk/ogplayer-swift",
      "state" : {
        "revision" : "d4c7b8981dbf7e1128cd8bb1ca712d098d1bf01c",
        "version" : "1.0.4"
      }
    },
    {
      "identity" : "swift-package-manager-google-interactive-media-ads-ios",
      "kind" : "remoteSourceControl",
      "location" : "https://github.com/googleads/swift-package-manager-google-interactive-media-ads-ios.git",
      "state" : {
        "revision" : "d988839daa3f52912907611219fd0509c9553c49",
        "version" : "3.33.0"
      }
    }
  ],
  "version" : 3
}
